
Microsoft Visual Studio Solution File, Format Version 12.00
# Visual Studio Version 16
VisualStudioVersion = 16.0.31129.286
MinimumVisualStudioVersion = 10.0.40219.1
Project("{FAE04EC0-301F-11D3-BF4B-00C04F79EFBC}") = "OnlineShoppingElectronic", "OnlineShoppingElectronic\OnlineShoppingElectronic.csproj", "{0F2418FE-48DC-44C0-87FB-3182E78A9773}"
EndProject
Global
	GlobalSection(SolutionConfigurationPlatforms) = preSolution
		Debug|Any CPU = Debug|Any CPU
		Release|Any CPU = Release|Any CPU
	EndGlobalSection
	GlobalSection(ProjectConfigurationPlatforms) = postSolution
		{0F2418FE-48DC-44C0-87FB-3182E78A9773}.Debug|Any CPU.ActiveCfg = Debug|Any CPU
		{0F2418FE-48DC-44C0-87FB-3182E78A9773}.Debug|Any CPU.Build.0 = Debug|Any CPU
		{0F2418FE-48DC-44C0-87FB-3182E78A9773}.Release|Any CPU.ActiveCfg = Release|Any CPU
		{0F2418FE-48DC-44C0-87FB-3182E78A9773}.Release|Any CPU.Build.0 = Release|Any CPU
	EndGlobalSection
	GlobalSection(SolutionProperties) = preSolution
		HideSolutionNode = FALSE
	EndGlobalSection
	GlobalSection(ExtensibilityGlobals) = postSolution
		SolutionGuid = {252D2B52-B82B-4E86-80EB-A0E639F6B931}
	EndGlobalSection
EndGlobal
